
Microsoft Visual Studio Solution File, Format Version 12.00
# Visual Studio 2017
Project("{FAE04EC0-301F-11D3-BF4B-00C04F79EFBC}") = "Scalpel-Alpha-0.0.2", "Scalpel-Alpha-0.0.2.csproj", "{FDDAB781-D436-3E32-31D1-F46014E84F3A}"
EndProject
Project("{FAE04EC0-301F-11D3-BF4B-00C04F79EFBC}") = "Scalpel-Alpha-0.0.2.Editor", "Scalpel-Alpha-0.0.2.Editor.csproj", "{7A206846-6F25-6C37-64B2-78AFC71E9A28}"
EndProject
Global
	GlobalSection(SolutionConfigurationPlatforms) = preSolution
		Debug|Any CPU = Debug|Any CPU
		Release|Any CPU = Release|Any CPU
	EndGlobalSection
	GlobalSection(ProjectConfigurationPlatforms) = postSolution
		{FDDAB781-D436-3E32-31D1-F46014E84F3A}.Debug|Any CPU.ActiveCfg = Debug|Any CPU
		{FDDAB781-D436-3E32-31D1-F46014E84F3A}.Debug|Any CPU.Build.0 = Debug|Any CPU
		{FDDAB781-D436-3E32-31D1-F46014E84F3A}.Release|Any CPU.ActiveCfg = Release|Any CPU
		{FDDAB781-D436-3E32-31D1-F46014E84F3A}.Release|Any CPU.Build.0 = Release|Any CPU
		{7A206846-6F25-6C37-64B2-78AFC71E9A28}.Debug|Any CPU.ActiveCfg = Debug|Any CPU
		{7A206846-6F25-6C37-64B2-78AFC71E9A28}.Debug|Any CPU.Build.0 = Debug|Any CPU
		{7A206846-6F25-6C37-64B2-78AFC71E9A28}.Release|Any CPU.ActiveCfg = Release|Any CPU
		{7A206846-6F25-6C37-64B2-78AFC71E9A28}.Release|Any CPU.Build.0 = Release|Any CPU
	EndGlobalSection
	GlobalSection(SolutionProperties) = preSolution
		HideSolutionNode = FALSE
	EndGlobalSection
EndGlobal
